// !$*UTF8*$!
{
	archiveVersion = 1;
	classes = {
	};
	objectVersion = 48;
	objects = {

/* Begin PBXBuildFile section */
		39BC37E11FB1CF1A0093C0E5 /* AppDelegate.swift in Sources */ = {isa = PBXBuildFile; fileRef = 39BC37E01FB1CF1A0093C0E5 /* AppDelegate.swift */; };
		39BC37E31FB1CF1A0093C0E5 /* VideoCaptureViewController.swift in Sources */ = {isa = PBXBuildFile; fileRef = 39BC37E21FB1CF1A0093C0E5 /* VideoCaptureViewController.swift */; };
		39BC37E61FB1CF1A0093C0E5 /* Main.storyboard in Resources */ = {isa = PBXBuildFile; fileRef = 39BC37E41FB1CF1A0093C0E5 /* Main.storyboard */; };
		39BC37E81FB1CF1A0093C0E5 /* Assets.xcassets in Resources */ = {isa = PBXBuildFile; fileRef = 39BC37E71FB1CF1A0093C0E5 /* Assets.xcassets */; };
		39BC37EB1FB1CF1A0093C0E5 /* LaunchScreen.storyboard in Resources */ = {isa = PBXBuildFile; fileRef = 39BC37E91FB1CF1A0093C0E5 /* LaunchScreen.storyboard */; };
		39BC37F31FB1D0A10093C0E5 /* SubmitViewController.swift in Sources */ = {isa = PBXBuildFile; fileRef = 39BC37F21FB1D0A10093C0E5 /* SubmitViewController.swift */; };
/* End PBXBuildFile section */

/* Begin PBXFileReference section */
		39BC37DD1FB1CF1A0093C0E5 /* TaxiCitoyen.app */ = {isa = PBXFileReference; explicitFileType = wrapper.application; includeInIndex = 0; path = TaxiCitoyen.app; sourceTree = BUILT_PRODUCTS_DIR; };
		39BC37E01FB1CF1A0093C0E5 /* AppDelegate.swift */ = {isa = PBXFileReference; lastKnownFileType = sourcecode.swift; path = AppDelegate.swift; sourceTree = "<group>"; };
		39BC37E21FB1CF1A0093C0E5 /* VideoCaptureViewController.swift */ = {isa = PBXFileReference; lastKnownFileType = sourcecode.swift; path = VideoCaptureViewController.swift; sourceTree = "<group>"; };
		39BC37E51FB1CF1A0093C0E5 /* Base */ = {isa = PBXFileReference; lastKnownFileType = file.storyboard; name = Base; path = Base.lproj/Main.storyboard; sourceTree = "<group>"; };
		39BC37E71FB1CF1A0093C0E5 /* Assets.xcassets */ = {isa = PBXFileReference; lastKnownFileType = folder.assetcatalog; path = Assets.xcassets; sourceTree = "<group>"; };
		39BC37EA1FB1CF1A0093C0E5 /* Base */ = {isa = PBXFileReference; lastKnownFileType = file.storyboard; name = Base; path = Base.lproj/LaunchScreen.storyboard; sourceTree = "<group>"; };
		39BC37EC1FB1CF1A0093C0E5 /* Info.plist */ = {isa = PBXFileReference; lastKnownFileType = text.plist.xml; path = Info.plist; sourceTree = "<group>"; };
		39BC37F21FB1D0A10093C0E5 /* SubmitViewController.swift */ = {isa = PBXFileReference; lastKnownFileType = sourcecode.swift; path = SubmitViewController.swift; sourceTree = "<group>"; };
/* End PBXFileReference section */

/* Begin PBXFrameworksBuildPhase section */
		39BC37DA1FB1CF1A0093C0E5 /* Frameworks */ = {
			isa = PBXFrameworksBuildPhase;
			buildActionMask = 2147483647;
			files = (
			);
			runOnlyForDeploymentPostprocessing = 0;
		};
/* End PBXFrameworksBuildPhase section */

/* Begin PBXGroup section */
		39BC37D41FB1CF1A0093C0E5 = {
			isa = PBXGroup;
			children = (
				39BC37DF1FB1CF1A0093C0E5 /* TaxiCitoyen */,
				39BC37DE1FB1CF1A0093C0E5 /* Products */,
			);
			sourceTree = "<group>";
		};
		39BC37DE1FB1CF1A0093C0E5 /* Products */ = {
			isa = PBXGroup;
			children = (
				39BC37DD1FB1CF1A0093C0E5 /* TaxiCitoyen.app */,
			);
			name = Products;
			sourceTree = "<group>";
		};
		39BC37DF1FB1CF1A0093C0E5 /* TaxiCitoyen */ = {
			isa = PBXGroup;
			children = (
				39BC37E01FB1CF1A0093C0E5 /* AppDelegate.swift */,
				39BC37E21FB1CF1A0093C0E5 /* VideoCaptureViewController.swift */,
				39BC37F21FB1D0A10093C0E5 /* SubmitViewController.swift */,
				39BC37E41FB1CF1A0093C0E5 /* Main.storyboard */,
				39BC37E71FB1CF1A0093C0E5 /* Assets.xcassets */,
				39BC37E91FB1CF1A0093C0E5 /* LaunchScreen.storyboard */,
				39BC37EC1FB1CF1A0093C0E5 /* Info.plist */,
			);
			path = TaxiCitoyen;
			sourceTree = "<group>";
		};
/* End PBXGroup section */

/* Begin PBXNativeTarget section */
		39BC37DC1FB1CF1A0093C0E5 /* TaxiCitoyen */ = {
			isa = PBXNativeTarget;
			buildConfigurationList = 39BC37EF1FB1CF1A0093C0E5 /* Build configuration list for PBXNativeTarget "TaxiCitoyen" */;
			buildPhases = (
				39BC37D91FB1CF1A0093C0E5 /* Sources */,
				39BC37DA1FB1CF1A0093C0E5 /* Frameworks */,
				39BC37DB1FB1CF1A0093C0E5 /* Resources */,
			);
			buildRules = (
			);
			dependencies = (
			);
			name = TaxiCitoyen;
			productName = TaxiCitoyen;
			productReference = 39BC37DD1FB1CF1A0093C0E5 /* TaxiCitoyen.app */;
			productType = "com.apple.product-type.application";
		};
/* End PBXNativeTarget section */

/* Begin PBXProject section */
		39BC37D51FB1CF1A0093C0E5 /* Project object */ = {
			isa = PBXProject;
			attributes = {
				LastSwiftUpdateCheck = 0910;
				LastUpgradeCheck = 0910;
				ORGANIZATIONNAME = medialab;
				TargetAttributes = {
					39BC37DC1FB1CF1A0093C0E5 = {
						CreatedOnToolsVersion = 9.1;
						ProvisioningStyle = Automatic;
					};
				};
			};
			buildConfigurationList = 39BC37D81FB1CF1A0093C0E5 /* Build configuration list for PBXProject "TaxiCitoyen" */;
			compatibilityVersion = "Xcode 8.0";
			developmentRegion = en;
			hasScannedForEncodings = 0;
			knownRegions = (
				en,
				Base,
			);
			mainGroup = 39BC37D41FB1CF1A0093C0E5;
			productRefGroup = 39BC37DE1FB1CF1A0093C0E5 /* Products */;
			projectDirPath = "";
			projectRoot = "";
			targets = (
				39BC37DC1FB1CF1A0093C0E5 /* TaxiCitoyen */,
			);
		};
/* End PBXProject section */

/* Begin PBXResourcesBuildPhase section */
		39BC37DB1FB1CF1A0093C0E5 /* Resources */ = {
			isa = PBXResourcesBuildPhase;
			buildActionMask = 2147483647;
			files = (
				39BC37EB1FB1CF1A0093C0E5 /* LaunchScreen.storyboard in Resources */,
				39BC37E81FB1CF1A0093C0E5 /* Assets.xcassets in Resources */,
				39BC37E61FB1CF1A0093C0E5 /* Main.storyboard in Resources */,
			);
			runOnlyForDeploymentPostprocessing = 0;
		};
/* End PBXResourcesBuildPhase section */

/* Begin PBXSourcesBuildPhase section */
		39BC37D91FB1CF1A0093C0E5 /* Sources */ = {
			isa = PBXSourcesBuildPhase;
			buildActionMask = 2147483647;
			files = (
				39BC37E31FB1CF1A0093C0E5 /* VideoCaptureViewController.swift in Sources */,
				39BC37F31FB1D0A10093C0E5 /* SubmitViewController.swift in Sources */,
				39BC37E11FB1CF1A0093C0E5 /* AppDelegate.swift in Sources */,
			);
			runOnlyForDeploymentPostprocessing = 0;
		};
/* End PBXSourcesBuildPhase section */

/* Begin PBXVariantGroup section */
		39BC37E41FB1CF1A0093C0E5 /* Main.storyboard */ = {
			isa = PBXVariantGroup;
			children = (
				39BC37E51FB1CF1A0093C0E5 /* Base */,
			);
			name = Main.storyboard;
			sourceTree = "<group>";
		};
		39BC37E91FB1CF1A0093C0E5 /* LaunchScreen.storyboard */ = {
			isa = PBXVariantGroup;
			children = (
				39BC37EA1FB1CF1A0093C0E5 /* Base */,
			);
			name = LaunchScreen.storyboard;
			sourceTree = "<group>";
		};
/* End PBXVariantGroup section */

/* Begin XCBuildConfiguration section */
		39BC37ED1FB1CF1A0093C0E5 /* Debug */ = {
			isa = XCBuildConfiguration;
			buildSettings = {
				ALWAYS_SEARCH_USER_PATHS = NO;
				CLANG_ANALYZER_NONNULL = YES;
				CLANG_ANALYZER_NUMBER_OBJECT_CONVERSION = YES_AGGRESSIVE;
				CLANG_CXX_LANGUAGE_STANDARD = "gnu++14";
				CLANG_CXX_LIBRARY = "libc++";
				CLANG_ENABLE_MODULES = YES;
				CLANG_ENABLE_OBJC_ARC = YES;
				CLANG_WARN_BLOCK_CAPTURE_AUTORELEASING = YES;
				CLANG_WARN_BOOL_CONVERSION = YES;
				CLANG_WARN_COMMA = YES;
				CLANG_WARN_CONSTANT_CONVERSION = YES;
				CLANG_WARN_DIRECT_OBJC_ISA_USAGE = YES_ERROR;
				CLANG_WARN_DOCUMENTATION_COMMENTS = YES;
				CLANG_WARN_EMPTY_BODY = YES;
				CLANG_WARN_ENUM_CONVERSION = YES;
				CLANG_WARN_INFINITE_RECURSION = YES;
				CLANG_WARN_INT_CONVERSION = YES;
				CLANG_WARN_NON_LITERAL_NULL_CONVERSION = YES;
				CLANG_WARN_OBJC_LITERAL_CONVERSION = YES;
				CLANG_WARN_OBJC_ROOT_CLASS = YES_ERROR;
				CLANG_WARN_RANGE_LOOP_ANALYSIS = YES;
				CLANG_WARN_STRICT_PROTOTYPES = YES;
				CLANG_WARN_SUSPICIOUS_MOVE = YES;
				CLANG_WARN_UNGUARDED_AVAILABILITY = YES_AGGRESSIVE;
				CLANG_WARN_UNREACHABLE_CODE = YES;
				CLANG_WARN__DUPLICATE_METHOD_MATCH = YES;
				CODE_SIGN_IDENTITY = "iPhone Developer";
				COPY_PHASE_STRIP = NO;
				DEBUG_INFORMATION_FORMAT = dwarf;
				ENABLE_STRICT_OBJC_MSGSEND = YES;
				ENABLE_TESTABILITY = YES;
				GCC_C_LANGUAGE_STANDARD = gnu11;
				GCC_DYNAMIC_NO_PIC = NO;
				GCC_NO_COMMON_BLOCKS = YES;
				GCC_OPTIMIZATION_LEVEL = 0;
				GCC_PREPROCESSOR_DEFINITIONS = (
					"DEBUG=1",
					"$(inherited)",
				);
				GCC_WARN_64_TO_32_BIT_CONVERSION = YES;
				GCC_WARN_ABOUT_RETURN_TYPE = YES_ERROR;
				GCC_WARN_UNDECLARED_SELECTOR = YES;
				GCC_WARN_UNINITIALIZED_AUTOS = YES_AGGRESSIVE;
				GCC_WARN_UNUSED_FUNCTION = YES;
				GCC_WARN_UNUSED_VARIABLE = YES;
				IPHONEOS_DEPLOYMENT_TARGET = 11.1;
				MTL_ENABLE_DEBUG_INFO = YES;
				ONLY_ACTIVE_ARCH = YES;
				SDKROOT = iphoneos;
				SWIFT_ACTIVE_COMPILATION_CONDITIONS = DEBUG;
				SWIFT_OPTIMIZATION_LEVEL = "-Onone";
			};
			name = Debug;
		};
		39BC37EE1FB1CF1A0093C0E5 /* Release */ = {
			isa = XCBuildConfiguration;
			buildSettings = {
				ALWAYS_SEARCH_USER_PATHS = NO;
				CLANG_ANALYZER_NONNULL = YES;
				CLANG_ANALYZER_NUMBER_OBJECT_CONVERSION = YES_AGGRESSIVE;
				CLANG_CXX_LANGUAGE_STANDARD = "gnu++14";
				CLANG_CXX_LIBRARY = "libc++";
				CLANG_ENABLE_MODULES = YES;
				CLANG_ENABLE_OBJC_ARC = YES;
				CLANG_WARN_BLOCK_CAPTURE_AUTORELEASING = YES;
				CLANG_WARN_BOOL_CONVERSION = YES;
				CLANG_WARN_COMMA = YES;
				CLANG_WARN_CONSTANT_CONVERSION = YES;
				CLANG_WARN_DIRECT_OBJC_ISA_USAGE = YES_ERROR;
				CLANG_WARN_DOCUMENTATION_COMMENTS = YES;
				CLANG_WARN_EMPTY_BODY = YES;
				CLANG_WARN_ENUM_CONVERSION = YES;
				CLANG_WARN_INFINITE_RECURSION = YES;
				CLANG_WARN_INT_CONVERSION = YES;
				CLANG_WARN_NON_LITERAL_NULL_CONVERSION = YES;
				CLANG_WARN_OBJC_LITERAL_CONVERSION = YES;
				CLANG_WARN_OBJC_ROOT_CLASS = YES_ERROR;
				CLANG_WARN_RANGE_LOOP_ANALYSIS = YES;
				CLANG_WARN_STRICT_PROTOTYPES = YES;
				CLANG_WARN_SUSPICIOUS_MOVE = YES;
				CLANG_WARN_UNGUARDED_AVAILABILITY = YES_AGGRESSIVE;
				CLANG_WARN_UNREACHABLE_CODE = YES;
				CLANG_WARN__DUPLICATE_METHOD_MATCH = YES;
				CODE_SIGN_IDENTITY = "iPhone Developer";
				COPY_PHASE_STRIP = NO;
				DEBUG_INFORMATION_FORMAT = "dwarf-with-dsym";
				ENABLE_NS_ASSERTIONS = NO;
				ENABLE_STRICT_OBJC_MSGSEND = YES;
				GCC_C_LANGUAGE_STANDARD = gnu11;
				GCC_NO_COMMON_BLOCKS = YES;
				GCC_WARN_64_TO_32_BIT_CONVERSION = YES;
				GCC_WARN_ABOUT_RETURN_TYPE = YES_ERROR;
				GCC_WARN_UNDECLARED_SELECTOR = YES;
				GCC_WARN_UNINITIALIZED_AUTOS = YES_AGGRESSIVE;
				GCC_WARN_UNUSED_FUNCTION = YES;
				GCC_WARN_UNUSED_VARIABLE = YES;
				IPHONEOS_DEPLOYMENT_TARGET = 11.1;
				MTL_ENABLE_DEBUG_INFO = NO;
				SDKROOT = iphoneos;
				SWIFT_OPTIMIZATION_LEVEL = "-Owholemodule";
				VALIDATE_PRODUCT = YES;
			};
			name = Release;
		};
		39BC37F01FB1CF1A0093C0E5 /* Debug */ = {
			isa = XCBuildConfiguration;
			buildSettings = {
				ASSETCATALOG_COMPILER_APPICON_NAME = AppIcon;
				CODE_SIGN_STYLE = Automatic;
				DEVELOPMENT_TEAM = K9XSNHJ8DB;
				INFOPLIST_FILE = TaxiCitoyen/Info.plist;
				LD_RUNPATH_SEARCH_PATHS = "$(inherited) @executable_path/Frameworks";
				PRODUCT_BUNDLE_IDENTIFIER = com.medialab.TaxiCitoyen;
				PRODUCT_NAME = "$(TARGET_NAME)";
				SWIFT_VERSION = 4.0;
				TARGETED_DEVICE_FAMILY = "1,2";
			};
			name = Debug;
		};
		39BC37F11FB1CF1A0093C0E5 /* Release */ = {
			isa = XCBuildConfiguration;
			buildSettings = {
				ASSETCATALOG_COMPILER_APPICON_NAME = AppIcon;
				CODE_SIGN_STYLE = Automatic;
				DEVELOPMENT_TEAM = K9XSNHJ8DB;
				INFOPLIST_FILE = TaxiCitoyen/Info.plist;
				LD_RUNPATH_SEARCH_PATHS = "$(inherited) @executable_path/Frameworks";
				PRODUCT_BUNDLE_IDENTIFIER = com.medialab.TaxiCitoyen;
				PRODUCT_NAME = "$(TARGET_NAME)";
				SWIFT_VERSION = 4.0;
				TARGETED_DEVICE_FAMILY = "1,2";
			};
			name = Release;
		};
/* End XCBuildConfiguration section */

/* Begin XCConfigurationList section */
		39BC37D81FB1CF1A0093C0E5 /* Build configuration list for PBXProject "TaxiCitoyen" */ = {
			isa = XCConfigurationList;
			buildConfigurations = (
				39BC37ED1FB1CF1A0093C0E5 /* Debug */,
				39BC37EE1FB1CF1A0093C0E5 /* Release */,
			);
			defaultConfigurationIsVisible = 0;
			defaultConfigurationName = Release;
		};
		39BC37EF1FB1CF1A0093C0E5 /* Build configuration list for PBXNativeTarget "TaxiCitoyen" */ = {
			isa = XCConfigurationList;
			buildConfigurations = (
				39BC37F01FB1CF1A0093C0E5 /* Debug */,
				39BC37F11FB1CF1A0093C0E5 /* Release */,
			);
			defaultConfigurationIsVisible = 0;
			defaultConfigurationName = Release;
		};
/* End XCConfigurationList section */
	};
	rootObject = 39BC37D51FB1CF1A0093C0E5 /* Project object */;
}
